# THIS IS AN AUTOGENERATED FILE. DO NOT EDIT THIS FILE DIRECTLY.
# yarn lockfile v1


function-bind@^1.1.1:
  version "1.1.1"
  resolved "https://unpm.uberinternal.com/function-bind/-/function-bind-1.1.1.tgz#a56899d3ea3c9bab874bb9773b7c5ede92f4895d"
  integrity sha512-yIovAzMX49sF8Yl58fSCWJ5svSLuaibPxXQJFLmBObTuCr0Mf1KiPopGM9NiFjiYBCbfaa2Fh6breQ6ANVTI0A==

has@^1.0.2:
  version "1.0.2"
  resolved "https://unpm.uberinternal.com/has/-/has-1.0.2.tgz#1a64bfe4b52e67fb87b9822503d97c019fb6ba42"
  integrity sha512-D5/WxwX+SrGfs/fiQn34RAoIZkCLJBDEfBWS1kmTI6G/1mtjhxTBiIiJi8EsKhwaQqKqj7lpKOi3i69tg3P+OQ==
  dependencies:
    function-bind "^1.1.1"
